
Microsoft Visual Studio Solution File, Format Version 12.00
# Visual Studio Version 17
VisualStudioVersion = 17.1.32407.343
MinimumVisualStudioVersion = 10.0.40219.1
Project("{FAE04EC0-301F-11D3-BF4B-00C04F79EFBC}") = "ExcelToCSVConversion", "ExcelToCSVConversion\ExcelToCSVConversion.csproj", "{465238C7-B5B1-455D-ABE5-DD3C8E99DCB4}"
EndProject
Global
	GlobalSection(SolutionConfigurationPlatforms) = preSolution
		Debug|Any CPU = Debug|Any CPU
		Release|Any CPU = Release|Any CPU
	EndGlobalSection
	GlobalSection(ProjectConfigurationPlatforms) = postSolution
		{465238C7-B5B1-455D-ABE5-DD3C8E99DCB4}.Debug|Any CPU.ActiveCfg = Debug|Any CPU
		{465238C7-B5B1-455D-ABE5-DD3C8E99DCB4}.Debug|Any CPU.Build.0 = Debug|Any CPU
		{465238C7-B5B1-455D-ABE5-DD3C8E99DCB4}.Release|Any CPU.ActiveCfg = Release|Any CPU
		{465238C7-B5B1-455D-ABE5-DD3C8E99DCB4}.Release|Any CPU.Build.0 = Release|Any CPU
	EndGlobalSection
	GlobalSection(SolutionProperties) = preSolution
		HideSolutionNode = FALSE
	EndGlobalSection
	GlobalSection(ExtensibilityGlobals) = postSolution
		SolutionGuid = {E968ACCC-4227-4EC8-A817-181B8566DC83}
	EndGlobalSection
EndGlobal
